
Microsoft Visual Studio Solution File, Format Version 12.00
# Visual Studio Version 16
VisualStudioVersion = 16.0.31019.35
MinimumVisualStudioVersion = 10.0.40219.1
Project("{FAE04EC0-301F-11D3-BF4B-00C04F79EFBC}") = "FirstCoreAPI", "FirstCoreAPI\FirstCoreAPI.csproj", "{34F293F4-478C-4A39-A031-DDB45252B760}"
EndProject
Global
	GlobalSection(SolutionConfigurationPlatforms) = preSolution
		Debug|Any CPU = Debug|Any CPU
		Release|Any CPU = Release|Any CPU
	EndGlobalSection
	GlobalSection(ProjectConfigurationPlatforms) = postSolution
		{34F293F4-478C-4A39-A031-DDB45252B760}.Debug|Any CPU.ActiveCfg = Debug|Any CPU
		{34F293F4-478C-4A39-A031-DDB45252B760}.Debug|Any CPU.Build.0 = Debug|Any CPU
		{34F293F4-478C-4A39-A031-DDB45252B760}.Release|Any CPU.ActiveCfg = Release|Any CPU
		{34F293F4-478C-4A39-A031-DDB45252B760}.Release|Any CPU.Build.0 = Release|Any CPU
	EndGlobalSection
	GlobalSection(SolutionProperties) = preSolution
		HideSolutionNode = FALSE
	EndGlobalSection
	GlobalSection(ExtensibilityGlobals) = postSolution
		SolutionGuid = {D4B077A1-40D2-4A21-8DF6-CC6510F2720B}
	EndGlobalSection
EndGlobal
